<?xml version="1.0" encoding="utf-8"?>
<Project ToolsVersion="4.0" xmlns="http://schemas.microsoft.com/developer/msbuild/2003">
  <ItemGroup>
    <Filter Include="Source Files">
      <UniqueIdentifier>{856ebc76-c09a-412b-a062-c6f8a690e5ab}</UniqueIdentifier>
      <Extensions>cpp;c;cxx;def;odl;idl;hpj;bat;asm</Extensions>
    </Filter>
    <Filter Include="Header Files">
      <UniqueIdentifier>{3a5d5f7c-710a-4b8a-9f9d-65c9099dc1e5}</UniqueIdentifier>
      <Extensions>h;hpp;hxx;hm;inl;inc</Extensions>
    </Filter>
    <Filter Include="Resource Files">
      <UniqueIdentifier>{6d6a9449-9db2-475b-bf8d-eb23bd5e0812}</UniqueIdentifier>
      <Extensions>rc;ico;cur;bmp;dlg;rc2;rct;bin;rgs;gif;jpg;jpeg;jpe</Extensions>
    </Filter>
  </ItemGroup>
  <ItemGroup>
    <ClCompile Include="Action.cpp">
      <Filter>Source Files</Filter>
    </ClCompile>
    <ClCompile Include="Actor.cpp">
      <Filter>Source Files</Filter>
    </ClCompile>
    <ClCompile Include="ActorManager.cpp">
      <Filter>Source Files</Filter>
    </ClCompile>
    <ClCompile Include="ActorTile.cpp">
      <Filter>Source Files</Filter>
    </ClCompile>
    <ClCompile Include="Attractor.cpp">
      <Filter>Source Files</Filter>
    </ClCompile>
    <ClCompile Include="Digit.cpp">
      <Filter>Source Files</Filter>
    </ClCompile>
    <ClCompile Include="Event.cpp">
      <Filter>Source Files</Filter>
    </ClCompile>
    <ClCompile Include="EventManager.cpp">
      <Filter>Source Files</Filter>
    </ClCompile>
    <ClCompile Include="FancyTextWidget.cpp">
      <Filter>Source Files</Filter>
    </ClCompile>
    <ClCompile Include="Floater.cpp">
      <Filter>Source Files</Filter>
    </ClCompile>
    <ClCompile Include="FloatingNumber.cpp">
      <Filter>Source Files</Filter>
    </ClCompile>
    <ClCompile Include="Force.cpp">
      <Filter>Source Files</Filter>
    </ClCompile>
    <ClCompile Include="GameApp.cpp">
      <Filter>Source Files</Filter>
    </ClCompile>
    <ClCompile Include="GameBoard.cpp">
      <Filter>Source Files</Filter>
    </ClCompile>
    <ClCompile Include="GamePanel.cpp">
      <Filter>Source Files</Filter>
    </ClCompile>
    <ClCompile Include="GameProperties.cpp">
      <Filter>Source Files</Filter>
    </ClCompile>
    <ClCompile Include="GameScreen.cpp">
      <Filter>Source Files</Filter>
    </ClCompile>
    <ClCompile Include="GameTile.cpp">
      <Filter>Source Files</Filter>
    </ClCompile>
    <ClCompile Include="Globals.cpp">
      <Filter>Source Files</Filter>
    </ClCompile>
    <ClCompile Include="GroundTile.cpp">
      <Filter>Source Files</Filter>
    </ClCompile>
    <ClCompile Include="hgeparticle.cpp">
      <Filter>Source Files</Filter>
    </ClCompile>
    <ClCompile Include="hgepmanager.cpp">
      <Filter>Source Files</Filter>
    </ClCompile>
    <ClCompile Include="hgeRandom.cpp">
      <Filter>Source Files</Filter>
    </ClCompile>
    <ClCompile Include="hgerect.cpp">
      <Filter>Source Files</Filter>
    </ClCompile>
    <ClCompile Include="hgevector.cpp">
      <Filter>Source Files</Filter>
    </ClCompile>
    <ClCompile Include="ImageLinkWidget.cpp">
      <Filter>Source Files</Filter>
    </ClCompile>
    <ClCompile Include="Level.cpp">
      <Filter>Source Files</Filter>
    </ClCompile>
    <ClCompile Include="LevelPak.cpp">
      <Filter>Source Files</Filter>
    </ClCompile>
    <ClCompile Include="LevelPakDialog.cpp">
      <Filter>Source Files</Filter>
    </ClCompile>
    <ClCompile Include="LevelupEffect.cpp">
      <Filter>Source Files</Filter>
    </ClCompile>
    <ClCompile Include="LoadingProgress.cpp">
      <Filter>Source Files</Filter>
    </ClCompile>
    <ClCompile Include="main.cpp">
      <Filter>Source Files</Filter>
    </ClCompile>
    <ClCompile Include="Map.cpp">
      <Filter>Source Files</Filter>
    </ClCompile>
    <ClCompile Include="MapView.cpp">
      <Filter>Source Files</Filter>
    </ClCompile>
    <ClCompile Include="Movie.cpp">
      <Filter>Source Files</Filter>
    </ClCompile>
    <ClCompile Include="OptionsDialog.cpp">
      <Filter>Source Files</Filter>
    </ClCompile>
    <ClCompile Include="ParticleWidget.cpp">
      <Filter>Source Files</Filter>
    </ClCompile>
    <ClCompile Include="PauseBGTint.cpp">
      <Filter>Source Files</Filter>
    </ClCompile>
    <ClCompile Include="Player.cpp">
      <Filter>Source Files</Filter>
    </ClCompile>
    <ClCompile Include="PlayerDialog.cpp">
      <Filter>Source Files</Filter>
    </ClCompile>
    <ClCompile Include="PuzzlePakItem.cpp">
      <Filter>Source Files</Filter>
    </ClCompile>
    <ClCompile Include="Res.cpp">
      <Filter>Source Files</Filter>
    </ClCompile>
    <ClCompile Include="SliderButton.cpp">
      <Filter>Source Files</Filter>
    </ClCompile>
    <ClCompile Include="sqlite3.c">
      <Filter>Source Files</Filter>
    </ClCompile>
    <ClCompile Include="Tile.cpp">
      <Filter>Source Files</Filter>
    </ClCompile>
    <ClCompile Include="TileManager.cpp">
      <Filter>Source Files</Filter>
    </ClCompile>
    <ClCompile Include="WallTile.cpp">
      <Filter>Source Files</Filter>
    </ClCompile>
  </ItemGroup>
  <ItemGroup>
    <None Include="Matchblox2.def">
      <Filter>Source Files</Filter>
    </None>
  </ItemGroup>
  <ItemGroup>
    <ClInclude Include="Action.h">
      <Filter>Header Files</Filter>
    </ClInclude>
    <ClInclude Include="Actor.h">
      <Filter>Header Files</Filter>
    </ClInclude>
    <ClInclude Include="ActorManager.h">
      <Filter>Header Files</Filter>
    </ClInclude>
    <ClInclude Include="ActorTile.h">
      <Filter>Header Files</Filter>
    </ClInclude>
    <ClInclude Include="Attractor.h">
      <Filter>Header Files</Filter>
    </ClInclude>
    <ClInclude Include="Digit.h">
      <Filter>Header Files</Filter>
    </ClInclude>
    <ClInclude Include="Event.h">
      <Filter>Header Files</Filter>
    </ClInclude>
    <ClInclude Include="EventManager.h">
      <Filter>Header Files</Filter>
    </ClInclude>
    <ClInclude Include="FancyTextWidget.h">
      <Filter>Header Files</Filter>
    </ClInclude>
    <ClInclude Include="Floater.h">
      <Filter>Header Files</Filter>
    </ClInclude>
    <ClInclude Include="FloatingNumber.h">
      <Filter>Header Files</Filter>
    </ClInclude>
    <ClInclude Include="Force.h">
      <Filter>Header Files</Filter>
    </ClInclude>
    <ClInclude Include="GameApp.h">
      <Filter>Header Files</Filter>
    </ClInclude>
    <ClInclude Include="GameBoard.h">
      <Filter>Header Files</Filter>
    </ClInclude>
    <ClInclude Include="GamePanel.h">
      <Filter>Header Files</Filter>
    </ClInclude>
    <ClInclude Include="GameProperties.h">
      <Filter>Header Files</Filter>
    </ClInclude>
    <ClInclude Include="GameScreen.h">
      <Filter>Header Files</Filter>
    </ClInclude>
    <ClInclude Include="GameTile.h">
      <Filter>Header Files</Filter>
    </ClInclude>
    <ClInclude Include="Globals.h">
      <Filter>Header Files</Filter>
    </ClInclude>
    <ClInclude Include="GroundTile.h">
      <Filter>Header Files</Filter>
    </ClInclude>
    <ClInclude Include="hgecolor.h">
      <Filter>Header Files</Filter>
    </ClInclude>
    <ClInclude Include="hgeparticle.h">
      <Filter>Header Files</Filter>
    </ClInclude>
    <ClInclude Include="hgeRandom.h">
      <Filter>Header Files</Filter>
    </ClInclude>
    <ClInclude Include="hgerect.h">
      <Filter>Header Files</Filter>
    </ClInclude>
    <ClInclude Include="hgevector.h">
      <Filter>Header Files</Filter>
    </ClInclude>
    <ClInclude Include="ImageLinkWidget.h">
      <Filter>Header Files</Filter>
    </ClInclude>
    <ClInclude Include="Level.h">
      <Filter>Header Files</Filter>
    </ClInclude>
    <ClInclude Include="LevelPak.h">
      <Filter>Header Files</Filter>
    </ClInclude>
    <ClInclude Include="LevelPakDialog.h">
      <Filter>Header Files</Filter>
    </ClInclude>
    <ClInclude Include="LevelPakDialogHost.h">
      <Filter>Header Files</Filter>
    </ClInclude>
    <ClInclude Include="LevelupEffect.h">
      <Filter>Header Files</Filter>
    </ClInclude>
    <ClInclude Include="LoadingProgress.h">
      <Filter>Header Files</Filter>
    </ClInclude>
    <ClInclude Include="Map.h">
      <Filter>Header Files</Filter>
    </ClInclude>
    <ClInclude Include="MapView.h">
      <Filter>Header Files</Filter>
    </ClInclude>
    <ClInclude Include="Movie.h">
      <Filter>Header Files</Filter>
    </ClInclude>
    <ClInclude Include="OptionsDialog.h">
      <Filter>Header Files</Filter>
    </ClInclude>
    <ClInclude Include="OptionsDialogHost.h">
      <Filter>Header Files</Filter>
    </ClInclude>
    <ClInclude Include="ParticleWidget.h">
      <Filter>Header Files</Filter>
    </ClInclude>
    <ClInclude Include="PauseBGTint.h">
      <Filter>Header Files</Filter>
    </ClInclude>
    <ClInclude Include="Player.h">
      <Filter>Header Files</Filter>
    </ClInclude>
    <ClInclude Include="PlayerDialog.h">
      <Filter>Header Files</Filter>
    </ClInclude>
    <ClInclude Include="PlayerDialogHost.h">
      <Filter>Header Files</Filter>
    </ClInclude>
    <ClInclude Include="PuzzlePakItem.h">
      <Filter>Header Files</Filter>
    </ClInclude>
    <ClInclude Include="..\Res.h">
      <Filter>Header Files</Filter>
    </ClInclude>
    <ClInclude Include="SliderButton.h">
      <Filter>Header Files</Filter>
    </ClInclude>
    <ClInclude Include="sqlite3.h">
      <Filter>Header Files</Filter>
    </ClInclude>
    <ClInclude Include="sqlite3ext.h">
      <Filter>Header Files</Filter>
    </ClInclude>
    <ClInclude Include="Tile.h">
      <Filter>Header Files</Filter>
    </ClInclude>
    <ClInclude Include="TileManager.h">
      <Filter>Header Files</Filter>
    </ClInclude>
    <ClInclude Include="WallTile.h">
      <Filter>Header Files</Filter>
    </ClInclude>
    <ClInclude Include="resource.h">
      <Filter>Resource Files</Filter>
    </ClInclude>
  </ItemGroup>
  <ItemGroup>
    <Xml Include="..\properties\default.xml">
      <Filter>Resource Files</Filter>
    </Xml>
    <Xml Include="..\properties\resources.xml">
      <Filter>Resource Files</Filter>
    </Xml>
  </ItemGroup>
  <ItemGroup>
    <ResourceCompile Include="Script1.rc">
      <Filter>Resource Files</Filter>
    </ResourceCompile>
  </ItemGroup>
</Project>